{
  "name": "stellar-txguard",
  "version": "0.1.0",
  "lockfileVersion": 3,
  "requires": true,
  "packages": {
    "": {
      "name": "stellar-txguard",
      "version": "0.1.0",
      "license": "MIT",
      "workspaces": [
        "packages/*"
      ],
      "engines": {
        "node": ">=18"
      }
    },
    "node_modules/@stellar-txguard/cli": {
      "resolved": "packages/cli",
      "link": true
    },
    "node_modules/@stellar-txguard/core": {
      "resolved": "packages/core",
      "link": true
    },
    "node_modules/@stellar-txguard/xdr": {
      "resolved": "packages/xdr",
      "link": true
    },
    "node_modules/@stellar/stellar-xdr-json": {
      "version": "28.0.0",
      "resolved": "https://registry.npmjs.org/@stellar/stellar-xdr-json/-/stellar-xdr-json-28.0.0.tgz",
      "integrity": "sha512-pjy6oPFY7RipgIqEDgsI03/WzvqpjscffFNG8Pl7hnMO7WJ1WsoH0JIjgmBenH/Cj8GFIS/ubUNB1enMo5Bzsw=="
    },
    "packages/cli": {
      "name": "@stellar-txguard/cli",
      "version": "0.1.0",
      "license": "MIT",
      "dependencies": {
        "@stellar-txguard/core": "0.1.0",
        "@stellar-txguard/xdr": "0.1.0"
      },
      "bin": {
        "txguard": "bin/txguard.js"
      },
      "engines": {
        "node": ">=18.3.0"
      }
    },
    "packages/core": {
      "name": "@stellar-txguard/core",
      "version": "0.1.0",
      "license": "MIT",
      "devDependencies": {
        "@stellar-txguard/xdr": "0.1.0"
      },
      "engines": {
        "node": ">=18"
      }
    },
    "packages/xdr": {
      "name": "@stellar-txguard/xdr",
      "version": "0.1.0",
      "license": "MIT",
      "dependencies": {
        "@stellar/stellar-xdr-json": "^28.0.0"
      },
      "engines": {
        "node": ">=18"
      }
    }
  }
}
